
Microsoft Visual Studio Solution File, Format Version 12.00
# Visual Studio Version 16
VisualStudioVersion = 16.0.29709.97
MinimumVisualStudioVersion = 10.0.40219.1
Project("{FAE04EC0-301F-11D3-BF4B-00C04F79EFBC}") = "ClassesMovies4_2Lab", "ClassesMovies4_2Lab.csproj", "{C81C96F6-6D2A-430E-889B-0B58F09A4148}"
EndProject
Global
	GlobalSection(SolutionConfigurationPlatforms) = preSolution
		Debug|Any CPU = Debug|Any CPU
		Release|Any CPU = Release|Any CPU
	EndGlobalSection
	GlobalSection(ProjectConfigurationPlatforms) = postSolution
		{C81C96F6-6D2A-430E-889B-0B58F09A4148}.Debug|Any CPU.ActiveCfg = Debug|Any CPU
		{C81C96F6-6D2A-430E-889B-0B58F09A4148}.Debug|Any CPU.Build.0 = Debug|Any CPU
		{C81C96F6-6D2A-430E-889B-0B58F09A4148}.Release|Any CPU.ActiveCfg = Release|Any CPU
		{C81C96F6-6D2A-430E-889B-0B58F09A4148}.Release|Any CPU.Build.0 = Release|Any CPU
	EndGlobalSection
	GlobalSection(SolutionProperties) = preSolution
		HideSolutionNode = FALSE
	EndGlobalSection
	GlobalSection(ExtensibilityGlobals) = postSolution
		SolutionGuid = {B7F85526-2448-4FAB-87B1-8A5731A2EBB4}
	EndGlobalSection
EndGlobal
